
Microsoft Visual Studio Solution File, Format Version 12.00
# Visual Studio Version 17
VisualStudioVersion = 17.11.35303.130
MinimumVisualStudioVersion = 10.0.40219.1
Project("{F184B08F-C81C-45F6-A57F-5ABD9991F28F}") = "Exercise1", "Exercise1\Exercise1.vbproj", "{6E538919-4AB9-46D3-B82A-86D156EAD851}"
EndProject
Global
	GlobalSection(SolutionConfigurationPlatforms) = preSolution
		Debug|Any CPU = Debug|Any CPU
		Release|Any CPU = Release|Any CPU
	EndGlobalSection
	GlobalSection(ProjectConfigurationPlatforms) = postSolution
		{6E538919-4AB9-46D3-B82A-86D156EAD851}.Debug|Any CPU.ActiveCfg = Debug|Any CPU
		{6E538919-4AB9-46D3-B82A-86D156EAD851}.Debug|Any CPU.Build.0 = Debug|Any CPU
		{6E538919-4AB9-46D3-B82A-86D156EAD851}.Release|Any CPU.ActiveCfg = Release|Any CPU
		{6E538919-4AB9-46D3-B82A-86D156EAD851}.Release|Any CPU.Build.0 = Release|Any CPU
	EndGlobalSection
	GlobalSection(SolutionProperties) = preSolution
		HideSolutionNode = FALSE
	EndGlobalSection
	GlobalSection(ExtensibilityGlobals) = postSolution
		SolutionGuid = {4E688A78-D16D-47E9-BF71-CAA97AF22823}
	EndGlobalSection
EndGlobal
